{
  "name": "stack-trace",
  "version": "0.0.10",
  "lockfileVersion": 1,
  "requires": true,
  "dependencies": {
    "far": {
      "version": "0.0.3",
      "resolved": "https://registry.npmjs.org/far/-/far-0.0.3.tgz",
      "integrity": "sha1-Z+ZdD1XGxlvqt1HSHhZSBISZmpw=",
      "dev": true,
      "requires": {
        "oop": "0.0.3"
      }
    },
    "long-stack-traces": {
      "version": "0.1.2",
      "resolved": "https://registry.npmjs.org/long-stack-traces/-/long-stack-traces-0.1.2.tgz",
      "integrity": "sha1-YCK1Dum7x0tcvXz+6q5BZeGlRuw=",
      "dev": true
    },
    "oop": {
      "version": "0.0.3",
      "resolved": "https://registry.npmjs.org/oop/-/oop-0.0.3.tgz",
      "integrity": "sha1-cPpAWlZQiRoZT9yCymja1tq/RAE=",
      "dev": true
    }
  }
}
